{
  "version": 4,
  "terraform_version": "1.9.8",
  "serial": 201,
  "lineage": "72dcc5d7-a58f-281f-f028-d713a6d30fee",
  "outputs": {
    "comprehend_classifier_arn": {
      "value": "arn:aws:comprehend:eu-central-1:851725418212:document-classifier/sentiment-analysis-classifier/version/terraform-20241026190607088100000001",
      "type": "string"
    },
    "lambda_function_names": {
      "value": {
        "reddit_collector": "sentiment-analysis-reddit-collector",
        "sentiment_analyzer": "sentiment-analysis-sentiment-analyzer"
      },
      "type": [
        "object",
        {
          "reddit_collector": "string",
          "sentiment_analyzer": "string"
        }
      ]
    },
    "quicksight_data_source_arn": {
      "value": "arn:aws:quicksight:eu-central-1:851725418212:datasource/sentiment-analysis-s3-source",
      "type": "string"
    },
    "reddit_collector_lambda_arn": {
      "value": "arn:aws:lambda:eu-central-1:851725418212:function:sentiment-analysis-reddit-collector",
      "type": "string"
    },
    "s3_bucket_name": {
      "value": "sentiment-analysis-sentiment-data",
      "type": "string"
    },
    "sentiment_analyzer_lambda_arn": {
      "value": "arn:aws:lambda:eu-central-1:851725418212:function:sentiment-analysis-sentiment-analyzer",
      "type": "string"
    }
  },
  "resources": [
    {
      "mode": "data",
      "type": "aws_caller_identity",
      "name": "current",
      "provider": "provider[\"registry.terraform.io/hashicorp/aws\"]",
      "instances": [
        {
          "schema_version": 0,
          "attributes": {
            "account_id": "851725418212",
            "arn": "arn:aws:iam::851725418212:user/randomgems",
            "id": "851725418212",
            "user_id": "AIDA4MTWKP3SGTLLPHJ7P"
          },
          "sensitive_attributes": []
        }
      ]
    },
    {
      "mode": "managed",
      "type": "aws_cloudwatch_event_rule",
      "name": "daily_trigger",
      "provider": "provider[\"registry.terraform.io/hashicorp/aws\"]",
      "instances": [
        {
          "schema_version": 1,
          "attributes": {
            "arn": "arn:aws:events:eu-central-1:851725418212:rule/sentiment-analysis-daily-trigger",
            "description": "Triggers data collection and analysis daily",
            "event_bus_name": "default",
            "event_pattern": null,
            "force_destroy": false,
            "id": "sentiment-analysis-daily-trigger",
            "is_enabled": true,
            "name": "sentiment-analysis-daily-trigger",
            "name_prefix": "",
            "role_arn": "",
            "schedule_expression": "rate(1 day)",
            "state": "ENABLED",
            "tags": {},
            "tags_all": {}
          },
          "sensitive_attributes": [],
          "private": "eyJzY2hlbWFfdmVyc2lvbiI6IjEifQ=="
        }
      ]
    },
    {
      "mode": "managed",
      "type": "aws_cloudwatch_event_target",
      "name": "trigger_reddit_collector",
      "provider": "provider[\"registry.terraform.io/hashicorp/aws\"]",
      "instances": [
        {
          "schema_version": 1,
          "attributes": {
            "appsync_target": [],
            "arn": "arn:aws:lambda:eu-central-1:851725418212:function:sentiment-analysis-reddit-collector",
            "batch_target": [],
            "dead_letter_config": [],
            "ecs_target": [],
            "event_bus_name": "default",
            "force_destroy": false,
            "http_target": [],
            "id": "sentiment-analysis-daily-trigger-RedditCollector",
            "input": "",
            "input_path": "",
            "input_transformer": [],
            "kinesis_target": [],
            "redshift_target": [],
            "retry_policy": [],
            "role_arn": "",
            "rule": "sentiment-analysis-daily-trigger",
            "run_command_targets": [],
            "sagemaker_pipeline_target": [],
            "sqs_target": [],
            "target_id": "RedditCollector"
          },
          "sensitive_attributes": [],
          "private": "eyJzY2hlbWFfdmVyc2lvbiI6IjEifQ==",
          "dependencies": [
            "aws_cloudwatch_event_rule.daily_trigger",
            "aws_iam_role.lambda_role",
            "aws_lambda_function.reddit_collector",
            "aws_s3_bucket.sentiment_data"
          ]
        }
      ]
    },
    {
      "mode": "managed",
      "type": "aws_comprehend_document_classifier",
      "name": "custom_classifier",
      "provider": "provider[\"registry.terraform.io/hashicorp/aws\"]",
      "instances": [
        {
          "schema_version": 0,
          "attributes": {
            "arn": "arn:aws:comprehend:eu-central-1:851725418212:document-classifier/sentiment-analysis-classifier/version/terraform-20241026190607088100000001",
            "data_access_role_arn": "arn:aws:iam::851725418212:role/sentiment-analysis-comprehend-role",
            "id": "arn:aws:comprehend:eu-central-1:851725418212:document-classifier/sentiment-analysis-classifier/version/terraform-20241026190607088100000001",
            "input_data_config": [
              {
                "augmented_manifests": [],
                "data_format": "COMPREHEND_CSV",
                "label_delimiter": "",
                "s3_uri": "s3://sentiment-analysis-sentiment-data/processed_data/",
                "test_s3_uri": ""
              }
            ],
            "language_code": "en",
            "mode": "MULTI_CLASS",
            "model_kms_key_id": "",
            "name": "sentiment-analysis-classifier",
            "output_data_config": [],
            "tags": null,
            "tags_all": {},
            "timeouts": {
              "create": "4h",
              "delete": "2h",
              "update": "4h"
            },
            "version_name": "terraform-20241026190607088100000001",
            "version_name_prefix": "terraform-",
            "volume_kms_key_id": "",
            "vpc_config": []
          },
          "sensitive_attributes": [],
          "private": "eyJlMmJmYjczMC1lY2FhLTExZTYtOGY4OC0zNDM2M2JjN2M0YzAiOnsiY3JlYXRlIjoxNDQwMDAwMDAwMDAwMCwiZGVsZXRlIjo3MjAwMDAwMDAwMDAwLCJ1cGRhdGUiOjE0NDAwMDAwMDAwMDAwfX0=",
          "dependencies": [
            "aws_iam_role.comprehend_role",
            "aws_s3_bucket.sentiment_data"
          ]
        }
      ]
    },
    {
      "mode": "managed",
      "type": "aws_iam_role",
      "name": "comprehend_role",
      "provider": "provider[\"registry.terraform.io/hashicorp/aws\"]",
      "instances": [
        {
          "schema_version": 0,
          "attributes": {
            "arn": "arn:aws:iam::851725418212:role/sentiment-analysis-comprehend-role",
            "assume_role_policy": "{\"Statement\":[{\"Action\":\"sts:AssumeRole\",\"Effect\":\"Allow\",\"Principal\":{\"Service\":\"comprehend.amazonaws.com\"}}],\"Version\":\"2012-10-17\"}",
            "create_date": "2024-10-22T14:21:35Z",
            "description": "",
            "force_detach_policies": false,
            "id": "sentiment-analysis-comprehend-role",
            "inline_policy": [
              {
                "name": "sentiment-analysis-comprehend-s3-access",
                "policy": "{\"Version\":\"2012-10-17\",\"Statement\":[{\"Action\":[\"s3:GetObject\",\"s3:ListBucket\"],\"Effect\":\"Allow\",\"Resource\":[\"arn:aws:s3:::sentiment-analysis-sentiment-data\",\"arn:aws:s3:::sentiment-analysis-sentiment-data/*\"]}]}"
              }
            ],
            "managed_policy_arns": [
              "arn:aws:iam::aws:policy/AmazonS3ReadOnlyAccess"
            ],
            "max_session_duration": 3600,
            "name": "sentiment-analysis-comprehend-role",
            "name_prefix": "",
            "path": "/",
            "permissions_boundary": "",
            "tags": {},
            "tags_all": {},
            "unique_id": "AROA4MTWKP3SIH25CEE4A"
          },
          "sensitive_attributes": [],
          "private": "bnVsbA=="
        }
      ]
    },
    {
      "mode": "managed",
      "type": "aws_iam_role",
      "name": "lambda_role",
      "provider": "provider[\"registry.terraform.io/hashicorp/aws\"]",
      "instances": [
        {
          "schema_version": 0,
          "attributes": {
            "arn": "arn:aws:iam::851725418212:role/sentiment-analysis-lambda-role",
            "assume_role_policy": "{\"Statement\":[{\"Action\":\"sts:AssumeRole\",\"Effect\":\"Allow\",\"Principal\":{\"Service\":\"lambda.amazonaws.com\"}}],\"Version\":\"2012-10-17\"}",
            "create_date": "2024-10-22T14:21:35Z",
            "description": "",
            "force_detach_policies": false,
            "id": "sentiment-analysis-lambda-role",
            "inline_policy": [
              {
                "name": "sentiment-analysis-lambda-policy",
                "policy": "{\"Version\":\"2012-10-17\",\"Statement\":[{\"Action\":[\"s3:PutObject\",\"s3:GetObject\",\"s3:ListBucket\",\"comprehend:DetectSentiment\"],\"Effect\":\"Allow\",\"Resource\":[\"arn:aws:s3:::sentiment-analysis-sentiment-data\",\"arn:aws:s3:::sentiment-analysis-sentiment-data/*\",\"arn:aws:s3:::amazon-reviews-pds\",\"arn:aws:s3:::amazon-reviews-pds/*\"]},{\"Action\":[\"logs:CreateLogGroup\",\"logs:CreateLogStream\",\"logs:PutLogEvents\"],\"Effect\":\"Allow\",\"Resource\":\"arn:aws:logs:*:*:*\"}]}"
              }
            ],
            "managed_policy_arns": [],
            "max_session_duration": 3600,
            "name": "sentiment-analysis-lambda-role",
            "name_prefix": "",
            "path": "/",
            "permissions_boundary": "",
            "tags": {},
            "tags_all": {},
            "unique_id": "AROA4MTWKP3SMEIMGBLQL"
          },
          "sensitive_attributes": [],
          "private": "bnVsbA=="
        }
      ]
    },
    {
      "mode": "managed",
      "type": "aws_iam_role_policy",
      "name": "comprehend_s3_access_policy",
      "provider": "provider[\"registry.terraform.io/hashicorp/aws\"]",
      "instances": [
        {
          "schema_version": 0,
          "attributes": {
            "id": "sentiment-analysis-comprehend-role:sentiment-analysis-comprehend-s3-access",
            "name": "sentiment-analysis-comprehend-s3-access",
            "name_prefix": "",
            "policy": "{\"Version\":\"2012-10-17\",\"Statement\":[{\"Action\":[\"s3:GetObject\",\"s3:ListBucket\"],\"Effect\":\"Allow\",\"Resource\":[\"arn:aws:s3:::sentiment-analysis-sentiment-data\",\"arn:aws:s3:::sentiment-analysis-sentiment-data/*\"]}]}",
            "role": "sentiment-analysis-comprehend-role"
          },
          "sensitive_attributes": [],
          "private": "bnVsbA==",
          "dependencies": [
            "aws_iam_role.comprehend_role",
            "aws_s3_bucket.sentiment_data"
          ]
        }
      ]
    },
    {
      "mode": "managed",
      "type": "aws_iam_role_policy",
      "name": "lambda_policy",
      "provider": "provider[\"registry.terraform.io/hashicorp/aws\"]",
      "instances": [
        {
          "schema_version": 0,
          "attributes": {
            "id": "sentiment-analysis-lambda-role:sentiment-analysis-lambda-policy",
            "name": "sentiment-analysis-lambda-policy",
            "name_prefix": "",
            "policy": "{\"Version\":\"2012-10-17\",\"Statement\":[{\"Action\":[\"s3:PutObject\",\"s3:GetObject\",\"s3:ListBucket\",\"comprehend:DetectSentiment\"],\"Effect\":\"Allow\",\"Resource\":[\"arn:aws:s3:::sentiment-analysis-sentiment-data\",\"arn:aws:s3:::sentiment-analysis-sentiment-data/*\",\"arn:aws:s3:::amazon-reviews-pds\",\"arn:aws:s3:::amazon-reviews-pds/*\"]},{\"Action\":[\"logs:CreateLogGroup\",\"logs:CreateLogStream\",\"logs:PutLogEvents\"],\"Effect\":\"Allow\",\"Resource\":\"arn:aws:logs:*:*:*\"}]}",
            "role": "sentiment-analysis-lambda-role"
          },
          "sensitive_attributes": [],
          "private": "bnVsbA==",
          "dependencies": [
            "aws_iam_role.lambda_role",
            "aws_s3_bucket.sentiment_data"
          ]
        }
      ]
    },
    {
      "mode": "managed",
      "type": "aws_iam_role_policy_attachment",
      "name": "comprehend_s3_access",
      "provider": "provider[\"registry.terraform.io/hashicorp/aws\"]",
      "instances": [
        {
          "schema_version": 0,
          "attributes": {
            "id": "sentiment-analysis-comprehend-role-20241022142136138300000003",
            "policy_arn": "arn:aws:iam::aws:policy/AmazonS3ReadOnlyAccess",
            "role": "sentiment-analysis-comprehend-role"
          },
          "sensitive_attributes": [],
          "private": "bnVsbA==",
          "dependencies": [
            "aws_iam_role.comprehend_role"
          ]
        }
      ]
    },
    {
      "mode": "managed",
      "type": "aws_lambda_function",
      "name": "reddit_collector",
      "provider": "provider[\"registry.terraform.io/hashicorp/aws\"]",
      "instances": [
        {
          "schema_version": 0,
          "attributes": {
            "architectures": [
              "x86_64"
            ],
            "arn": "arn:aws:lambda:eu-central-1:851725418212:function:sentiment-analysis-reddit-collector",
            "code_sha256": "TO+JeG+hU1BUzyOI41WIWea9AV2+gIqg6HRBt3INttM=",
            "code_signing_config_arn": "",
            "dead_letter_config": [],
            "description": "",
            "environment": [
              {
                "variables": {
                  "DATA_FOLDER": "raw_data/reddit/",
                  "REDDIT_CLIENT_ID": "kqkFeqZ3WPIOf7VpwAKpdg",
                  "REDDIT_CLIENT_SECRET": "WFZ1lUtK0n-bCyyB1ncs3Mftc2QzYg",
                  "S3_BUCKET": "sentiment-analysis-sentiment-data"
                }
              }
            ],
            "ephemeral_storage": [
              {
                "size": 512
              }
            ],
            "file_system_config": [],
            "filename": "/Users/damilolaijato/Desktop/github/aws-sentiment-analyzer/terraform/lambda/reddit_collector.zip",
            "function_name": "sentiment-analysis-reddit-collector",
            "handler": "reddit_collector.lambda_handler",
            "id": "sentiment-analysis-reddit-collector",
            "image_config": [],
            "image_uri": "",
            "invoke_arn": "arn:aws:apigateway:eu-central-1:lambda:path/2015-03-31/functions/arn:aws:lambda:eu-central-1:851725418212:function:sentiment-analysis-reddit-collector/invocations",
            "kms_key_arn": "",
            "last_modified": "2024-10-26T18:35:04.000+0000",
            "layers": [],
            "logging_config": [
              {
                "application_log_level": "",
                "log_format": "Text",
                "log_group": "/aws/lambda/sentiment-analysis-reddit-collector",
                "system_log_level": ""
              }
            ],
            "memory_size": 128,
            "package_type": "Zip",
            "publish": false,
            "qualified_arn": "arn:aws:lambda:eu-central-1:851725418212:function:sentiment-analysis-reddit-collector:$LATEST",
            "qualified_invoke_arn": "arn:aws:apigateway:eu-central-1:lambda:path/2015-03-31/functions/arn:aws:lambda:eu-central-1:851725418212:function:sentiment-analysis-reddit-collector:$LATEST/invocations",
            "replace_security_groups_on_destroy": null,
            "replacement_security_group_ids": null,
            "reserved_concurrent_executions": -1,
            "role": "arn:aws:iam::851725418212:role/sentiment-analysis-lambda-role",
            "runtime": "python3.8",
            "s3_bucket": null,
            "s3_key": null,
            "s3_object_version": null,
            "signing_job_arn": "",
            "signing_profile_version_arn": "",
            "skip_destroy": false,
            "snap_start": [],
            "source_code_hash": "",
            "source_code_size": 11242804,
            "tags": {},
            "tags_all": {},
            "timeout": 3,
            "timeouts": null,
            "tracing_config": [
              {
                "mode": "PassThrough"
              }
            ],
            "version": "$LATEST",
            "vpc_config": []
          },
          "sensitive_attributes": [],
          "private": "eyJlMmJmYjczMC1lY2FhLTExZTYtOGY4OC0zNDM2M2JjN2M0YzAiOnsiY3JlYXRlIjo2MDAwMDAwMDAwMDAsImRlbGV0ZSI6NjAwMDAwMDAwMDAwLCJ1cGRhdGUiOjYwMDAwMDAwMDAwMH19",
          "dependencies": [
            "aws_iam_role.lambda_role",
            "aws_s3_bucket.sentiment_data"
          ]
        }
      ]
    },
    {
      "mode": "managed",
      "type": "aws_lambda_function",
      "name": "sentiment_analyzer",
      "provider": "provider[\"registry.terraform.io/hashicorp/aws\"]",
      "instances": [
        {
          "schema_version": 0,
          "attributes": {
            "architectures": [
              "x86_64"
            ],
            "arn": "arn:aws:lambda:eu-central-1:851725418212:function:sentiment-analysis-sentiment-analyzer",
            "code_sha256": "py/eiKh45ha15P2kHI54GPgcIOaYAus8FSADRsBmeOQ=",
            "code_signing_config_arn": "",
            "dead_letter_config": [],
            "description": "",
            "environment": [
              {
                "variables": {
                  "S3_BUCKET": "sentiment-analysis-sentiment-data"
                }
              }
            ],
            "ephemeral_storage": [
              {
                "size": 512
              }
            ],
            "file_system_config": [],
            "filename": "/Users/damilolaijato/Desktop/github/aws-sentiment-analyzer/terraform/lambda/sentiment_analyzer.zip",
            "function_name": "sentiment-analysis-sentiment-analyzer",
            "handler": "sentiment_analyzer.lambda_handler",
            "id": "sentiment-analysis-sentiment-analyzer",
            "image_config": [],
            "image_uri": "",
            "invoke_arn": "arn:aws:apigateway:eu-central-1:lambda:path/2015-03-31/functions/arn:aws:lambda:eu-central-1:851725418212:function:sentiment-analysis-sentiment-analyzer/invocations",
            "kms_key_arn": "",
            "last_modified": "2024-10-26T13:04:42.000+0000",
            "layers": [],
            "logging_config": [
              {
                "application_log_level": "",
                "log_format": "Text",
                "log_group": "/aws/lambda/sentiment-analysis-sentiment-analyzer",
                "system_log_level": ""
              }
            ],
            "memory_size": 128,
            "package_type": "Zip",
            "publish": false,
            "qualified_arn": "arn:aws:lambda:eu-central-1:851725418212:function:sentiment-analysis-sentiment-analyzer:$LATEST",
            "qualified_invoke_arn": "arn:aws:apigateway:eu-central-1:lambda:path/2015-03-31/functions/arn:aws:lambda:eu-central-1:851725418212:function:sentiment-analysis-sentiment-analyzer:$LATEST/invocations",
            "replace_security_groups_on_destroy": null,
            "replacement_security_group_ids": null,
            "reserved_concurrent_executions": -1,
            "role": "arn:aws:iam::851725418212:role/sentiment-analysis-lambda-role",
            "runtime": "python3.8",
            "s3_bucket": null,
            "s3_key": null,
            "s3_object_version": null,
            "signing_job_arn": "",
            "signing_profile_version_arn": "",
            "skip_destroy": false,
            "snap_start": [],
            "source_code_hash": "",
            "source_code_size": 1500,
            "tags": {},
            "tags_all": {},
            "timeout": 3,
            "timeouts": null,
            "tracing_config": [
              {
                "mode": "PassThrough"
              }
            ],
            "version": "$LATEST",
            "vpc_config": []
          },
          "sensitive_attributes": [],
          "private": "eyJlMmJmYjczMC1lY2FhLTExZTYtOGY4OC0zNDM2M2JjN2M0YzAiOnsiY3JlYXRlIjo2MDAwMDAwMDAwMDAsImRlbGV0ZSI6NjAwMDAwMDAwMDAwLCJ1cGRhdGUiOjYwMDAwMDAwMDAwMH19",
          "dependencies": [
            "aws_iam_role.lambda_role",
            "aws_s3_bucket.sentiment_data"
          ]
        }
      ]
    },
    {
      "mode": "managed",
      "type": "aws_lambda_permission",
      "name": "allow_bucket",
      "provider": "provider[\"registry.terraform.io/hashicorp/aws\"]",
      "instances": [
        {
          "schema_version": 0,
          "attributes": {
            "action": "lambda:InvokeFunction",
            "event_source_token": null,
            "function_name": "arn:aws:lambda:eu-central-1:851725418212:function:sentiment-analysis-sentiment-analyzer",
            "function_url_auth_type": null,
            "id": "AllowExecutionFromS3Bucket",
            "principal": "s3.amazonaws.com",
            "principal_org_id": null,
            "qualifier": "",
            "source_account": null,
            "source_arn": "arn:aws:s3:::sentiment-analysis-sentiment-data",
            "statement_id": "AllowExecutionFromS3Bucket",
            "statement_id_prefix": ""
          },
          "sensitive_attributes": [],
          "private": "bnVsbA==",
          "dependencies": [
            "aws_iam_role.lambda_role",
            "aws_lambda_function.sentiment_analyzer",
            "aws_s3_bucket.sentiment_data"
          ]
        }
      ]
    },
    {
      "mode": "managed",
      "type": "aws_quicksight_data_source",
      "name": "s3_source",
      "provider": "provider[\"registry.terraform.io/hashicorp/aws\"]",
      "instances": [
        {
          "schema_version": 0,
          "attributes": {
            "arn": "arn:aws:quicksight:eu-central-1:851725418212:datasource/sentiment-analysis-s3-source",
            "aws_account_id": "851725418212",
            "credentials": [],
            "data_source_id": "sentiment-analysis-s3-source",
            "id": "851725418212/sentiment-analysis-s3-source",
            "name": "Sentiment Analysis S3 Data Source",
            "parameters": [
              {
                "amazon_elasticsearch": [],
                "athena": [],
                "aurora": [],
                "aurora_postgresql": [],
                "aws_iot_analytics": [],
                "databricks": [],
                "jira": [],
                "maria_db": [],
                "mysql": [],
                "oracle": [],
                "postgresql": [],
                "presto": [],
                "rds": [],
                "redshift": [],
                "s3": [
                  {
                    "manifest_file_location": [
                      {
                        "bucket": "sentiment-analysis-sentiment-data",
                        "key": "quicksight-manifest.json"
                      }
                    ]
                  }
                ],
                "service_now": [],
                "snowflake": [],
                "spark": [],
                "sql_server": [],
                "teradata": [],
                "twitter": []
              }
            ],
            "permission": [],
            "ssl_properties": [],
            "tags": {},
            "tags_all": {},
            "type": "S3",
            "vpc_connection_properties": []
          },
          "sensitive_attributes": [],
          "private": "bnVsbA==",
          "dependencies": [
            "aws_s3_bucket.sentiment_data",
            "aws_s3_object.quicksight_manifest",
            "data.aws_caller_identity.current"
          ]
        }
      ]
    },
    {
      "mode": "managed",
      "type": "aws_s3_bucket",
      "name": "sentiment_data",
      "provider": "provider[\"registry.terraform.io/hashicorp/aws\"]",
      "instances": [
        {
          "schema_version": 0,
          "attributes": {
            "acceleration_status": "",
            "acl": "private",
            "arn": "arn:aws:s3:::sentiment-analysis-sentiment-data",
            "bucket": "sentiment-analysis-sentiment-data",
            "bucket_domain_name": "sentiment-analysis-sentiment-data.s3.amazonaws.com",
            "bucket_prefix": "",
            "bucket_regional_domain_name": "sentiment-analysis-sentiment-data.s3.eu-central-1.amazonaws.com",
            "cors_rule": [],
            "force_destroy": false,
            "grant": [
              {
                "id": "61242bd7964f2119b8e2076614725729b16d3e8521035c78d2b9a9598778d72b",
                "permissions": [
                  "FULL_CONTROL"
                ],
                "type": "CanonicalUser",
                "uri": ""
              }
            ],
            "hosted_zone_id": "Z21DNDUVLTQW6Q",
            "id": "sentiment-analysis-sentiment-data",
            "lifecycle_rule": [],
            "logging": [],
            "object_lock_configuration": [],
            "object_lock_enabled": false,
            "policy": "",
            "region": "eu-central-1",
            "replication_configuration": [],
            "request_payer": "BucketOwner",
            "server_side_encryption_configuration": [
              {
                "rule": [
                  {
                    "apply_server_side_encryption_by_default": [
                      {
                        "kms_master_key_id": "",
                        "sse_algorithm": "AES256"
                      }
                    ],
                    "bucket_key_enabled": false
                  }
                ]
              }
            ],
            "tags": {},
            "tags_all": {},
            "timeouts": null,
            "versioning": [
              {
                "enabled": false,
                "mfa_delete": false
              }
            ],
            "website": [],
            "website_domain": null,
            "website_endpoint": null
          },
          "sensitive_attributes": [],
          "private": "eyJlMmJmYjczMC1lY2FhLTExZTYtOGY4OC0zNDM2M2JjN2M0YzAiOnsiY3JlYXRlIjoxMjAwMDAwMDAwMDAwLCJkZWxldGUiOjM2MDAwMDAwMDAwMDAsInJlYWQiOjEyMDAwMDAwMDAwMDAsInVwZGF0ZSI6MTIwMDAwMDAwMDAwMH19"
        }
      ]
    },
    {
      "mode": "managed",
      "type": "aws_s3_bucket_notification",
      "name": "bucket_notification",
      "provider": "provider[\"registry.terraform.io/hashicorp/aws\"]",
      "instances": [
        {
          "schema_version": 0,
          "attributes": {
            "bucket": "sentiment-analysis-sentiment-data",
            "eventbridge": false,
            "id": "sentiment-analysis-sentiment-data",
            "lambda_function": [
              {
                "events": [
                  "s3:ObjectCreated:*"
                ],
                "filter_prefix": "raw_data/",
                "filter_suffix": "",
                "id": "tf-s3-lambda-20241022142205769800000004",
                "lambda_function_arn": "arn:aws:lambda:eu-central-1:851725418212:function:sentiment-analysis-sentiment-analyzer"
              }
            ],
            "queue": [],
            "topic": []
          },
          "sensitive_attributes": [],
          "private": "bnVsbA==",
          "dependencies": [
            "aws_iam_role.lambda_role",
            "aws_lambda_function.sentiment_analyzer",
            "aws_s3_bucket.sentiment_data"
          ]
        }
      ]
    },
    {
      "mode": "managed",
      "type": "aws_s3_object",
      "name": "quicksight_manifest",
      "provider": "provider[\"registry.terraform.io/hashicorp/aws\"]",
      "instances": [
        {
          "schema_version": 0,
          "attributes": {
            "acl": null,
            "arn": "arn:aws:s3:::sentiment-analysis-sentiment-data/quicksight-manifest.json",
            "bucket": "sentiment-analysis-sentiment-data",
            "bucket_key_enabled": false,
            "cache_control": "",
            "checksum_algorithm": null,
            "checksum_crc32": "",
            "checksum_crc32c": "",
            "checksum_sha1": "",
            "checksum_sha256": "",
            "content": "{\"fileLocations\":[{\"URIPrefixes\":[\"s3://sentiment-analysis-sentiment-data/processed_data/\"]}],\"globalUploadSettings\":{\"format\":\"CSV\"}}",
            "content_base64": null,
            "content_disposition": "",
            "content_encoding": "",
            "content_language": "",
            "content_type": "application/octet-stream",
            "etag": "b7ef3e43f7514ad89c2ed4819d0888b6",
            "force_destroy": false,
            "id": "quicksight-manifest.json",
            "key": "quicksight-manifest.json",
            "kms_key_id": null,
            "metadata": {},
            "object_lock_legal_hold_status": "",
            "object_lock_mode": "",
            "object_lock_retain_until_date": "",
            "override_provider": [],
            "server_side_encryption": "AES256",
            "source": null,
            "source_hash": null,
            "storage_class": "STANDARD",
            "tags": {},
            "tags_all": {},
            "version_id": "",
            "website_redirect": ""
          },
          "sensitive_attributes": [],
          "private": "bnVsbA==",
          "dependencies": [
            "aws_s3_bucket.sentiment_data"
          ]
        }
      ]
    }
  ],
  "check_results": [
    {
      "object_kind": "var",
      "config_addr": "var.notification_email",
      "status": "unknown",
      "objects": [
        {
          "object_addr": "var.notification_email",
          "status": "unknown"
        }
      ]
    }
  ]
}
